
Microsoft Visual Studio Solution File, Format Version 12.00
# Visual Studio 2012
Project("{FAE04EC0-301F-11D3-BF4B-00C04F79EFBC}") = "MokiiSample", "MokiiSample\MokiiSample.csproj", "{7ECDE903-142B-4E0C-9048-8F76FEBBF739}"
EndProject
Project("{FAE04EC0-301F-11D3-BF4B-00C04F79EFBC}") = "MokiiTests", "MokiiTests\MokiiTests.csproj", "{F6CB31F3-C9C4-4EC1-9F0C-9760953ED285}"
EndProject
Project("{2150E333-8FDC-42A3-9474-1A3956D46DE8}") = "Solution Items", "Solution Items", "{7A0BE2E5-D361-4B49-B7E3-68BD7DDE7501}"
	ProjectSection(SolutionItems) = preProject
		Local.testsettings = Local.testsettings
		Mokii.vsmdi = Mokii.vsmdi
		TraceAndTestImpact.testsettings = TraceAndTestImpact.testsettings
	EndProjectSection
EndProject
Project("{FAE04EC0-301F-11D3-BF4B-00C04F79EFBC}") = "Mono.Compilers", "Mono.Compilers\Mono.Compilers.csproj", "{51E361A9-38B2-4448-8E8E-B1B5E0D1A45E}"
EndProject
Project("{FAE04EC0-301F-11D3-BF4B-00C04F79EFBC}") = "Mono.Compilers.VisualBasic", "Mono.Compilers.VisualBasic\Mono.Compilers.VisualBasic.csproj", "{03238B88-6C03-4D92-BCA0-DC20113958C8}"
EndProject
Global
	GlobalSection(TestCaseManagementSettings) = postSolution
		CategoryFile = Mokii.vsmdi
	EndGlobalSection
	GlobalSection(SolutionConfigurationPlatforms) = preSolution
		Debug|Any CPU = Debug|Any CPU
		Debug|Mixed Platforms = Debug|Mixed Platforms
		Debug|x86 = Debug|x86
		Release|Any CPU = Release|Any CPU
		Release|Mixed Platforms = Release|Mixed Platforms
		Release|x86 = Release|x86
	EndGlobalSection
	GlobalSection(ProjectConfigurationPlatforms) = postSolution
		{7ECDE903-142B-4E0C-9048-8F76FEBBF739}.Debug|Any CPU.ActiveCfg = Debug|x86
		{7ECDE903-142B-4E0C-9048-8F76FEBBF739}.Debug|Any CPU.Build.0 = Debug|x86
		{7ECDE903-142B-4E0C-9048-8F76FEBBF739}.Debug|Mixed Platforms.ActiveCfg = Debug|x86
		{7ECDE903-142B-4E0C-9048-8F76FEBBF739}.Debug|Mixed Platforms.Build.0 = Debug|x86
		{7ECDE903-142B-4E0C-9048-8F76FEBBF739}.Debug|x86.ActiveCfg = Debug|x86
		{7ECDE903-142B-4E0C-9048-8F76FEBBF739}.Debug|x86.Build.0 = Debug|x86
		{7ECDE903-142B-4E0C-9048-8F76FEBBF739}.Release|Any CPU.ActiveCfg = Release|x86
		{7ECDE903-142B-4E0C-9048-8F76FEBBF739}.Release|Mixed Platforms.ActiveCfg = Release|x86
		{7ECDE903-142B-4E0C-9048-8F76FEBBF739}.Release|Mixed Platforms.Build.0 = Release|x86
		{7ECDE903-142B-4E0C-9048-8F76FEBBF739}.Release|x86.ActiveCfg = Release|x86
		{7ECDE903-142B-4E0C-9048-8F76FEBBF739}.Release|x86.Build.0 = Release|x86
		{F6CB31F3-C9C4-4EC1-9F0C-9760953ED285}.Debug|Any CPU.ActiveCfg = Debug|Any CPU
		{F6CB31F3-C9C4-4EC1-9F0C-9760953ED285}.Debug|Mixed Platforms.ActiveCfg = Debug|Any CPU
		{F6CB31F3-C9C4-4EC1-9F0C-9760953ED285}.Debug|Mixed Platforms.Build.0 = Debug|Any CPU
		{F6CB31F3-C9C4-4EC1-9F0C-9760953ED285}.Debug|x86.ActiveCfg = Debug|Any CPU
		{F6CB31F3-C9C4-4EC1-9F0C-9760953ED285}.Release|Any CPU.ActiveCfg = Release|Any CPU
		{F6CB31F3-C9C4-4EC1-9F0C-9760953ED285}.Release|Any CPU.Build.0 = Release|Any CPU
		{F6CB31F3-C9C4-4EC1-9F0C-9760953ED285}.Release|Mixed Platforms.ActiveCfg = Release|Any CPU
		{F6CB31F3-C9C4-4EC1-9F0C-9760953ED285}.Release|Mixed Platforms.Build.0 = Release|Any CPU
		{F6CB31F3-C9C4-4EC1-9F0C-9760953ED285}.Release|x86.ActiveCfg = Release|Any CPU
		{51E361A9-38B2-4448-8E8E-B1B5E0D1A45E}.Debug|Any CPU.ActiveCfg = Debug|Any CPU
		{51E361A9-38B2-4448-8E8E-B1B5E0D1A45E}.Debug|Any CPU.Build.0 = Debug|Any CPU
		{51E361A9-38B2-4448-8E8E-B1B5E0D1A45E}.Debug|Mixed Platforms.ActiveCfg = Debug|Any CPU
		{51E361A9-38B2-4448-8E8E-B1B5E0D1A45E}.Debug|Mixed Platforms.Build.0 = Debug|Any CPU
		{51E361A9-38B2-4448-8E8E-B1B5E0D1A45E}.Debug|x86.ActiveCfg = Debug|Any CPU
		{51E361A9-38B2-4448-8E8E-B1B5E0D1A45E}.Release|Any CPU.ActiveCfg = Release|Any CPU
		{51E361A9-38B2-4448-8E8E-B1B5E0D1A45E}.Release|Any CPU.Build.0 = Release|Any CPU
		{51E361A9-38B2-4448-8E8E-B1B5E0D1A45E}.Release|Mixed Platforms.ActiveCfg = Release|Any CPU
		{51E361A9-38B2-4448-8E8E-B1B5E0D1A45E}.Release|Mixed Platforms.Build.0 = Release|Any CPU
		{51E361A9-38B2-4448-8E8E-B1B5E0D1A45E}.Release|x86.ActiveCfg = Release|Any CPU
		{03238B88-6C03-4D92-BCA0-DC20113958C8}.Debug|Any CPU.ActiveCfg = Debug|Any CPU
		{03238B88-6C03-4D92-BCA0-DC20113958C8}.Debug|Any CPU.Build.0 = Debug|Any CPU
		{03238B88-6C03-4D92-BCA0-DC20113958C8}.Debug|Mixed Platforms.ActiveCfg = Debug|Any CPU
		{03238B88-6C03-4D92-BCA0-DC20113958C8}.Debug|Mixed Platforms.Build.0 = Debug|Any CPU
		{03238B88-6C03-4D92-BCA0-DC20113958C8}.Debug|x86.ActiveCfg = Debug|Any CPU
		{03238B88-6C03-4D92-BCA0-DC20113958C8}.Release|Any CPU.ActiveCfg = Release|Any CPU
		{03238B88-6C03-4D92-BCA0-DC20113958C8}.Release|Any CPU.Build.0 = Release|Any CPU
		{03238B88-6C03-4D92-BCA0-DC20113958C8}.Release|Mixed Platforms.ActiveCfg = Release|Any CPU
		{03238B88-6C03-4D92-BCA0-DC20113958C8}.Release|Mixed Platforms.Build.0 = Release|Any CPU
		{03238B88-6C03-4D92-BCA0-DC20113958C8}.Release|x86.ActiveCfg = Release|Any CPU
	EndGlobalSection
	GlobalSection(SolutionProperties) = preSolution
		HideSolutionNode = FALSE
	EndGlobalSection
EndGlobal
